// !$*UTF8*$!
{
	archiveVersion = 1;
	classes = {
	};
	objectVersion = 50;
	objects = {

/* Begin PBXBuildFile section */
		5AF2A6A1B1AAFD29D366850A /* Pods_Smack.framework in Frameworks */ = {isa = PBXBuildFile; fileRef = 0FF2765765C5C254CA4F30FB /* Pods_Smack.framework */; };
		E312CC23215138200024E412 /* AppDelegate.swift in Sources */ = {isa = PBXBuildFile; fileRef = E312CC22215138200024E412 /* AppDelegate.swift */; };
		E312CC28215138210024E412 /* Main.storyboard in Resources */ = {isa = PBXBuildFile; fileRef = E312CC26215138210024E412 /* Main.storyboard */; };
		E312CC2A215138220024E412 /* Assets.xcassets in Resources */ = {isa = PBXBuildFile; fileRef = E312CC29215138220024E412 /* Assets.xcassets */; };
		E312CC2D215138220024E412 /* LaunchScreen.storyboard in Resources */ = {isa = PBXBuildFile; fileRef = E312CC2B215138220024E412 /* LaunchScreen.storyboard */; };
		E3437EB3215E7E5E00ABA873 /* CircleImage.swift in Sources */ = {isa = PBXBuildFile; fileRef = E3437EB2215E7E5E00ABA873 /* CircleImage.swift */; };
		E3437EB6215FC61000ABA873 /* ProfileVC.swift in Sources */ = {isa = PBXBuildFile; fileRef = E3437EB4215FC61000ABA873 /* ProfileVC.swift */; };
		E3437EB7215FC61000ABA873 /* ProfileVC.xib in Resources */ = {isa = PBXBuildFile; fileRef = E3437EB5215FC61000ABA873 /* ProfileVC.xib */; };
		E38B9D502167B8C000681B67 /* MessageService.swift in Sources */ = {isa = PBXBuildFile; fileRef = E38B9D4F2167B8C000681B67 /* MessageService.swift */; };
		E38B9D522167B95D00681B67 /* Channel.swift in Sources */ = {isa = PBXBuildFile; fileRef = E38B9D512167B95D00681B67 /* Channel.swift */; };
		E392382D215280900069DACD /* constants.swift in Sources */ = {isa = PBXBuildFile; fileRef = E392382C215280900069DACD /* constants.swift */; };
		E392382F215287910069DACD /* LoginVC.swift in Sources */ = {isa = PBXBuildFile; fileRef = E392382E215287910069DACD /* LoginVC.swift */; };
		E3923832215291220069DACD /* CreateAccountVC.swift in Sources */ = {isa = PBXBuildFile; fileRef = E3923831215291220069DACD /* CreateAccountVC.swift */; };
		E39238352156B1490069DACD /* AuthService.swift in Sources */ = {isa = PBXBuildFile; fileRef = E39238342156B1490069DACD /* AuthService.swift */; };
		E3946B192158EA4C00119AA2 /* RoundedButton.swift in Sources */ = {isa = PBXBuildFile; fileRef = E3946B182158EA4C00119AA2 /* RoundedButton.swift */; };
		E3946B1B21590E3E00119AA2 /* UserDataService.swift in Sources */ = {isa = PBXBuildFile; fileRef = E3946B1A21590E3E00119AA2 /* UserDataService.swift */; };
		E3946B1D2159353600119AA2 /* AvatarPickerVC.swift in Sources */ = {isa = PBXBuildFile; fileRef = E3946B1C2159353600119AA2 /* AvatarPickerVC.swift */; };
		E3946B1F2159392900119AA2 /* AvatarCell.swift in Sources */ = {isa = PBXBuildFile; fileRef = E3946B1E2159392900119AA2 /* AvatarCell.swift */; };
		E3FC84D021516E0E003ADDC5 /* SWRevealViewController.m in Sources */ = {isa = PBXBuildFile; fileRef = E3FC84CE21516E0E003ADDC5 /* SWRevealViewController.m */; };
		E3FC84D521519801003ADDC5 /* ChatVC.swift in Sources */ = {isa = PBXBuildFile; fileRef = E3FC84D421519801003ADDC5 /* ChatVC.swift */; };
		E3FC84D721519812003ADDC5 /* ChannelVC.swift in Sources */ = {isa = PBXBuildFile; fileRef = E3FC84D621519812003ADDC5 /* ChannelVC.swift */; };
		E3FC84D921523831003ADDC5 /* GradientView.swift in Sources */ = {isa = PBXBuildFile; fileRef = E3FC84D821523831003ADDC5 /* GradientView.swift */; };
/* End PBXBuildFile section */

/* Begin PBXFileReference section */
		0FF2765765C5C254CA4F30FB /* Pods_Smack.framework */ = {isa = PBXFileReference; explicitFileType = wrapper.framework; includeInIndex = 0; path = Pods_Smack.framework; sourceTree = BUILT_PRODUCTS_DIR; };
		49BD05595762377FF1CFC989 /* Pods-Smack.release.xcconfig */ = {isa = PBXFileReference; includeInIndex = 1; lastKnownFileType = text.xcconfig; name = "Pods-Smack.release.xcconfig"; path = "Pods/Target Support Files/Pods-Smack/Pods-Smack.release.xcconfig"; sourceTree = "<group>"; };
		4CC6980AE48901E39CD7E8F5 /* Pods-Smack.debug.xcconfig */ = {isa = PBXFileReference; includeInIndex = 1; lastKnownFileType = text.xcconfig; name = "Pods-Smack.debug.xcconfig"; path = "Pods/Target Support Files/Pods-Smack/Pods-Smack.debug.xcconfig"; sourceTree = "<group>"; };
		E312CC1F215138200024E412 /* Smack.app */ = {isa = PBXFileReference; explicitFileType = wrapper.application; includeInIndex = 0; path = Smack.app; sourceTree = BUILT_PRODUCTS_DIR; };
		E312CC22215138200024E412 /* AppDelegate.swift */ = {isa = PBXFileReference; lastKnownFileType = sourcecode.swift; path = AppDelegate.swift; sourceTree = "<group>"; };
		E312CC27215138210024E412 /* Base */ = {isa = PBXFileReference; lastKnownFileType = file.storyboard; name = Base; path = Base.lproj/Main.storyboard; sourceTree = "<group>"; };
		E312CC29215138220024E412 /* Assets.xcassets */ = {isa = PBXFileReference; lastKnownFileType = folder.assetcatalog; path = Assets.xcassets; sourceTree = "<group>"; };
		E312CC2C215138220024E412 /* Base */ = {isa = PBXFileReference; lastKnownFileType = file.storyboard; name = Base; path = Base.lproj/LaunchScreen.storyboard; sourceTree = "<group>"; };
		E312CC2E215138220024E412 /* Info.plist */ = {isa = PBXFileReference; lastKnownFileType = text.plist.xml; path = Info.plist; sourceTree = "<group>"; };
		E3437EB2215E7E5E00ABA873 /* CircleImage.swift */ = {isa = PBXFileReference; lastKnownFileType = sourcecode.swift; path = CircleImage.swift; sourceTree = "<group>"; };
		E3437EB4215FC61000ABA873 /* ProfileVC.swift */ = {isa = PBXFileReference; lastKnownFileType = sourcecode.swift; path = ProfileVC.swift; sourceTree = "<group>"; };
		E3437EB5215FC61000ABA873 /* ProfileVC.xib */ = {isa = PBXFileReference; lastKnownFileType = file.xib; path = ProfileVC.xib; sourceTree = "<group>"; };
		E38B9D4F2167B8C000681B67 /* MessageService.swift */ = {isa = PBXFileReference; lastKnownFileType = sourcecode.swift; path = MessageService.swift; sourceTree = "<group>"; };
		E38B9D512167B95D00681B67 /* Channel.swift */ = {isa = PBXFileReference; lastKnownFileType = sourcecode.swift; path = Channel.swift; sourceTree = "<group>"; };
		E392382C215280900069DACD /* constants.swift */ = {isa = PBXFileReference; lastKnownFileType = sourcecode.swift; path = constants.swift; sourceTree = "<group>"; };
		E392382E215287910069DACD /* LoginVC.swift */ = {isa = PBXFileReference; lastKnownFileType = sourcecode.swift; path = LoginVC.swift; sourceTree = "<group>"; };
		E3923831215291220069DACD /* CreateAccountVC.swift */ = {isa = PBXFileReference; lastKnownFileType = sourcecode.swift; path = CreateAccountVC.swift; sourceTree = "<group>"; };
		E39238342156B1490069DACD /* AuthService.swift */ = {isa = PBXFileReference; lastKnownFileType = sourcecode.swift; path = AuthService.swift; sourceTree = "<group>"; };
		E3946B182158EA4C00119AA2 /* RoundedButton.swift */ = {isa = PBXFileReference; lastKnownFileType = sourcecode.swift; path = RoundedButton.swift; sourceTree = "<group>"; };
		E3946B1A21590E3E00119AA2 /* UserDataService.swift */ = {isa = PBXFileReference; lastKnownFileType = sourcecode.swift; path = UserDataService.swift; sourceTree = "<group>"; };
		E3946B1C2159353600119AA2 /* AvatarPickerVC.swift */ = {isa = PBXFileReference; lastKnownFileType = sourcecode.swift; path = AvatarPickerVC.swift; sourceTree = "<group>"; };
		E3946B1E2159392900119AA2 /* AvatarCell.swift */ = {isa = PBXFileReference; lastKnownFileType = sourcecode.swift; path = AvatarCell.swift; sourceTree = "<group>"; };
		E3FC84CD21516E0D003ADDC5 /* Smack-Bridging-Header.h */ = {isa = PBXFileReference; lastKnownFileType = sourcecode.c.h; path = "Smack-Bridging-Header.h"; sourceTree = "<group>"; };
		E3FC84CE21516E0E003ADDC5 /* SWRevealViewController.m */ = {isa = PBXFileReference; fileEncoding = 4; lastKnownFileType = sourcecode.c.objc; name = SWRevealViewController.m; path = "../../Smack Assets/SWReveal/SWRevealViewController.m"; sourceTree = "<group>"; };
		E3FC84CF21516E0E003ADDC5 /* SWRevealViewController.h */ = {isa = PBXFileReference; fileEncoding = 4; lastKnownFileType = sourcecode.c.h; name = SWRevealViewController.h; path = "../../Smack Assets/SWReveal/SWRevealViewController.h"; sourceTree = "<group>"; };
		E3FC84D421519801003ADDC5 /* ChatVC.swift */ = {isa = PBXFileReference; lastKnownFileType = sourcecode.swift; path = ChatVC.swift; sourceTree = "<group>"; };
		E3FC84D621519812003ADDC5 /* ChannelVC.swift */ = {isa = PBXFileReference; lastKnownFileType = sourcecode.swift; path = ChannelVC.swift; sourceTree = "<group>"; };
		E3FC84D821523831003ADDC5 /* GradientView.swift */ = {isa = PBXFileReference; lastKnownFileType = sourcecode.swift; path = GradientView.swift; sourceTree = "<group>"; };
/* End PBXFileReference section */

/* Begin PBXFrameworksBuildPhase section */
		E312CC1C215138200024E412 /* Frameworks */ = {
			isa = PBXFrameworksBuildPhase;
			buildActionMask = 2147483647;
			files = (
				5AF2A6A1B1AAFD29D366850A /* Pods_Smack.framework in Frameworks */,
			);
			runOnlyForDeploymentPostprocessing = 0;
		};
/* End PBXFrameworksBuildPhase section */

/* Begin PBXGroup section */
		0E1711CAD41C5F59F75D9AF4 /* Pods */ = {
			isa = PBXGroup;
			children = (
				4CC6980AE48901E39CD7E8F5 /* Pods-Smack.debug.xcconfig */,
				49BD05595762377FF1CFC989 /* Pods-Smack.release.xcconfig */,
			);
			name = Pods;
			sourceTree = "<group>";
		};
		E312CC16215138200024E412 = {
			isa = PBXGroup;
			children = (
				E3FC84CC21516DF9003ADDC5 /* Supporting Files */,
				E312CC21215138200024E412 /* Smack */,
				E312CC20215138200024E412 /* Products */,
				0E1711CAD41C5F59F75D9AF4 /* Pods */,
				F4EFD2FA9A916FF4402B8CC4 /* Frameworks */,
			);
			sourceTree = "<group>";
		};
		E312CC20215138200024E412 /* Products */ = {
			isa = PBXGroup;
			children = (
				E312CC1F215138200024E412 /* Smack.app */,
			);
			name = Products;
			sourceTree = "<group>";
		};
		E312CC21215138200024E412 /* Smack */ = {
			isa = PBXGroup;
			children = (
				E3437EB8215FC8DA00ABA873 /* XIB */,
				E39238332156B12F0069DACD /* Services */,
				E392382B2152807C0069DACD /* Utilities */,
				E3FC84D3215197E2003ADDC5 /* Model */,
				E3FC84D2215197DB003ADDC5 /* View */,
				E3FC84D1215197D2003ADDC5 /* Controller */,
				E312CC22215138200024E412 /* AppDelegate.swift */,
				E312CC26215138210024E412 /* Main.storyboard */,
				E312CC29215138220024E412 /* Assets.xcassets */,
				E312CC2B215138220024E412 /* LaunchScreen.storyboard */,
				E312CC2E215138220024E412 /* Info.plist */,
			);
			path = Smack;
			sourceTree = "<group>";
		};
		E3437EB8215FC8DA00ABA873 /* XIB */ = {
			isa = PBXGroup;
			children = (
				E3437EB5215FC61000ABA873 /* ProfileVC.xib */,
			);
			path = XIB;
			sourceTree = "<group>";
		};
		E392382B2152807C0069DACD /* Utilities */ = {
			isa = PBXGroup;
			children = (
				E392382C215280900069DACD /* constants.swift */,
			);
			path = Utilities;
			sourceTree = "<group>";
		};
		E39238332156B12F0069DACD /* Services */ = {
			isa = PBXGroup;
			children = (
				E39238342156B1490069DACD /* AuthService.swift */,
				E3946B1A21590E3E00119AA2 /* UserDataService.swift */,
				E38B9D4F2167B8C000681B67 /* MessageService.swift */,
			);
			path = Services;
			sourceTree = "<group>";
		};
		E3FC84CC21516DF9003ADDC5 /* Supporting Files */ = {
			isa = PBXGroup;
			children = (
				E3FC84CF21516E0E003ADDC5 /* SWRevealViewController.h */,
				E3FC84CE21516E0E003ADDC5 /* SWRevealViewController.m */,
				E3FC84CD21516E0D003ADDC5 /* Smack-Bridging-Header.h */,
			);
			path = "Supporting Files";
			sourceTree = "<group>";
		};
		E3FC84D1215197D2003ADDC5 /* Controller */ = {
			isa = PBXGroup;
			children = (
				E3FC84D421519801003ADDC5 /* ChatVC.swift */,
				E3FC84D621519812003ADDC5 /* ChannelVC.swift */,
				E392382E215287910069DACD /* LoginVC.swift */,
				E3923831215291220069DACD /* CreateAccountVC.swift */,
				E3946B1C2159353600119AA2 /* AvatarPickerVC.swift */,
				E3437EB4215FC61000ABA873 /* ProfileVC.swift */,
			);
			path = Controller;
			sourceTree = "<group>";
		};
		E3FC84D2215197DB003ADDC5 /* View */ = {
			isa = PBXGroup;
			children = (
				E3FC84D821523831003ADDC5 /* GradientView.swift */,
				E3946B182158EA4C00119AA2 /* RoundedButton.swift */,
				E3946B1E2159392900119AA2 /* AvatarCell.swift */,
				E3437EB2215E7E5E00ABA873 /* CircleImage.swift */,
			);
			path = View;
			sourceTree = "<group>";
		};
		E3FC84D3215197E2003ADDC5 /* Model */ = {
			isa = PBXGroup;
			children = (
				E38B9D512167B95D00681B67 /* Channel.swift */,
			);
			path = Model;
			sourceTree = "<group>";
		};
		F4EFD2FA9A916FF4402B8CC4 /* Frameworks */ = {
			isa = PBXGroup;
			children = (
				0FF2765765C5C254CA4F30FB /* Pods_Smack.framework */,
			);
			name = Frameworks;
			sourceTree = "<group>";
		};
/* End PBXGroup section */

/* Begin PBXNativeTarget section */
		E312CC1E215138200024E412 /* Smack */ = {
			isa = PBXNativeTarget;
			buildConfigurationList = E312CC31215138220024E412 /* Build configuration list for PBXNativeTarget "Smack" */;
			buildPhases = (
				B773E99177599860C3651E1E /* [CP] Check Pods Manifest.lock */,
				E312CC1B215138200024E412 /* Sources */,
				E312CC1C215138200024E412 /* Frameworks */,
				E312CC1D215138200024E412 /* Resources */,
				1AA05EB9E9822C74634DC5A7 /* [CP] Embed Pods Frameworks */,
			);
			buildRules = (
			);
			dependencies = (
			);
			name = Smack;
			productName = Smack;
			productReference = E312CC1F215138200024E412 /* Smack.app */;
			productType = "com.apple.product-type.application";
		};
/* End PBXNativeTarget section */

/* Begin PBXProject section */
		E312CC17215138200024E412 /* Project object */ = {
			isa = PBXProject;
			attributes = {
				LastSwiftUpdateCheck = 0940;
				LastUpgradeCheck = 0940;
				ORGANIZATIONNAME = "Laurent Pantaloni";
				TargetAttributes = {
					E312CC1E215138200024E412 = {
						CreatedOnToolsVersion = 9.4.1;
						LastSwiftMigration = 0940;
					};
				};
			};
			buildConfigurationList = E312CC1A215138200024E412 /* Build configuration list for PBXProject "Smack" */;
			compatibilityVersion = "Xcode 9.3";
			developmentRegion = en;
			hasScannedForEncodings = 0;
			knownRegions = (
				en,
				Base,
			);
			mainGroup = E312CC16215138200024E412;
			productRefGroup = E312CC20215138200024E412 /* Products */;
			projectDirPath = "";
			projectRoot = "";
			targets = (
				E312CC1E215138200024E412 /* Smack */,
			);
		};
/* End PBXProject section */

/* Begin PBXResourcesBuildPhase section */
		E312CC1D215138200024E412 /* Resources */ = {
			isa = PBXResourcesBuildPhase;
			buildActionMask = 2147483647;
			files = (
				E3437EB7215FC61000ABA873 /* ProfileVC.xib in Resources */,
				E312CC2D215138220024E412 /* LaunchScreen.storyboard in Resources */,
				E312CC2A215138220024E412 /* Assets.xcassets in Resources */,
				E312CC28215138210024E412 /* Main.storyboard in Resources */,
			);
			runOnlyForDeploymentPostprocessing = 0;
		};
/* End PBXResourcesBuildPhase section */

/* Begin PBXShellScriptBuildPhase section */
		1AA05EB9E9822C74634DC5A7 /* [CP] Embed Pods Frameworks */ = {
			isa = PBXShellScriptBuildPhase;
			buildActionMask = 2147483647;
			files = (
			);
			inputPaths = (
				"${SRCROOT}/Pods/Target Support Files/Pods-Smack/Pods-Smack-frameworks.sh",
				"${BUILT_PRODUCTS_DIR}/Alamofire/Alamofire.framework",
				"${BUILT_PRODUCTS_DIR}/Socket.IO-Client-Swift/SocketIO.framework",
				"${BUILT_PRODUCTS_DIR}/Starscream/Starscream.framework",
				"${BUILT_PRODUCTS_DIR}/SwiftyJSON/SwiftyJSON.framework",
			);
			name = "[CP] Embed Pods Frameworks";
			outputPaths = (
				"${TARGET_BUILD_DIR}/${FRAMEWORKS_FOLDER_PATH}/Alamofire.framework",
				"${TARGET_BUILD_DIR}/${FRAMEWORKS_FOLDER_PATH}/SocketIO.framework",
				"${TARGET_BUILD_DIR}/${FRAMEWORKS_FOLDER_PATH}/Starscream.framework",
				"${TARGET_BUILD_DIR}/${FRAMEWORKS_FOLDER_PATH}/SwiftyJSON.framework",
			);
			runOnlyForDeploymentPostprocessing = 0;
			shellPath = /bin/sh;
			shellScript = "\"${SRCROOT}/Pods/Target Support Files/Pods-Smack/Pods-Smack-frameworks.sh\"\n";
			showEnvVarsInLog = 0;
		};
		B773E99177599860C3651E1E /* [CP] Check Pods Manifest.lock */ = {
			isa = PBXShellScriptBuildPhase;
			buildActionMask = 2147483647;
			files = (
			);
			inputPaths = (
				"${PODS_PODFILE_DIR_PATH}/Podfile.lock",
				"${PODS_ROOT}/Manifest.lock",
			);
			name = "[CP] Check Pods Manifest.lock";
			outputPaths = (
				"$(DERIVED_FILE_DIR)/Pods-Smack-checkManifestLockResult.txt",
			);
			runOnlyForDeploymentPostprocessing = 0;
			shellPath = /bin/sh;
			shellScript = "diff \"${PODS_PODFILE_DIR_PATH}/Podfile.lock\" \"${PODS_ROOT}/Manifest.lock\" > /dev/null\nif [ $? != 0 ] ; then\n    # print error to STDERR\n    echo \"error: The sandbox is not in sync with the Podfile.lock. Run 'pod install' or update your CocoaPods installation.\" >&2\n    exit 1\nfi\n# This output is used by Xcode 'outputs' to avoid re-running this script phase.\necho \"SUCCESS\" > \"${SCRIPT_OUTPUT_FILE_0}\"\n";
			showEnvVarsInLog = 0;
		};
/* End PBXShellScriptBuildPhase section */

/* Begin PBXSourcesBuildPhase section */
		E312CC1B215138200024E412 /* Sources */ = {
			isa = PBXSourcesBuildPhase;
			buildActionMask = 2147483647;
			files = (
				E3437EB6215FC61000ABA873 /* ProfileVC.swift in Sources */,
				E3FC84D721519812003ADDC5 /* ChannelVC.swift in Sources */,
				E3946B1D2159353600119AA2 /* AvatarPickerVC.swift in Sources */,
				E3946B192158EA4C00119AA2 /* RoundedButton.swift in Sources */,
				E38B9D522167B95D00681B67 /* Channel.swift in Sources */,
				E3437EB3215E7E5E00ABA873 /* CircleImage.swift in Sources */,
				E38B9D502167B8C000681B67 /* MessageService.swift in Sources */,
				E3FC84D521519801003ADDC5 /* ChatVC.swift in Sources */,
				E3946B1B21590E3E00119AA2 /* UserDataService.swift in Sources */,
				E3923832215291220069DACD /* CreateAccountVC.swift in Sources */,
				E39238352156B1490069DACD /* AuthService.swift in Sources */,
				E392382F215287910069DACD /* LoginVC.swift in Sources */,
				E3FC84D921523831003ADDC5 /* GradientView.swift in Sources */,
				E3946B1F2159392900119AA2 /* AvatarCell.swift in Sources */,
				E312CC23215138200024E412 /* AppDelegate.swift in Sources */,
				E3FC84D021516E0E003ADDC5 /* SWRevealViewController.m in Sources */,
				E392382D215280900069DACD /* constants.swift in Sources */,
			);
			runOnlyForDeploymentPostprocessing = 0;
		};
/* End PBXSourcesBuildPhase section */

/* Begin PBXVariantGroup section */
		E312CC26215138210024E412 /* Main.storyboard */ = {
			isa = PBXVariantGroup;
			children = (
				E312CC27215138210024E412 /* Base */,
			);
			name = Main.storyboard;
			sourceTree = "<group>";
		};
		E312CC2B215138220024E412 /* LaunchScreen.storyboard */ = {
			isa = PBXVariantGroup;
			children = (
				E312CC2C215138220024E412 /* Base */,
			);
			name = LaunchScreen.storyboard;
			sourceTree = "<group>";
		};
/* End PBXVariantGroup section */

/* Begin XCBuildConfiguration section */
		E312CC2F215138220024E412 /* Debug */ = {
			isa = XCBuildConfiguration;
			buildSettings = {
				ALWAYS_SEARCH_USER_PATHS = NO;
				CLANG_ANALYZER_NONNULL = YES;
				CLANG_ANALYZER_NUMBER_OBJECT_CONVERSION = YES_AGGRESSIVE;
				CLANG_CXX_LANGUAGE_STANDARD = "gnu++14";
				CLANG_CXX_LIBRARY = "libc++";
				CLANG_ENABLE_MODULES = YES;
				CLANG_ENABLE_OBJC_ARC = YES;
				CLANG_ENABLE_OBJC_WEAK = YES;
				CLANG_WARN_BLOCK_CAPTURE_AUTORELEASING = YES;
				CLANG_WARN_BOOL_CONVERSION = YES;
				CLANG_WARN_COMMA = YES;
				CLANG_WARN_CONSTANT_CONVERSION = YES;
				CLANG_WARN_DEPRECATED_OBJC_IMPLEMENTATIONS = YES;
				CLANG_WARN_DIRECT_OBJC_ISA_USAGE = YES_ERROR;
				CLANG_WARN_DOCUMENTATION_COMMENTS = YES;
				CLANG_WARN_EMPTY_BODY = YES;
				CLANG_WARN_ENUM_CONVERSION = YES;
				CLANG_WARN_INFINITE_RECURSION = YES;
				CLANG_WARN_INT_CONVERSION = YES;
				CLANG_WARN_NON_LITERAL_NULL_CONVERSION = YES;
				CLANG_WARN_OBJC_IMPLICIT_RETAIN_SELF = YES;
				CLANG_WARN_OBJC_LITERAL_CONVERSION = YES;
				CLANG_WARN_OBJC_ROOT_CLASS = YES_ERROR;
				CLANG_WARN_RANGE_LOOP_ANALYSIS = YES;
				CLANG_WARN_STRICT_PROTOTYPES = YES;
				CLANG_WARN_SUSPICIOUS_MOVE = YES;
				CLANG_WARN_UNGUARDED_AVAILABILITY = YES_AGGRESSIVE;
				CLANG_WARN_UNREACHABLE_CODE = YES;
				CLANG_WARN__DUPLICATE_METHOD_MATCH = YES;
				CODE_SIGN_IDENTITY = "iPhone Developer";
				COPY_PHASE_STRIP = NO;
				DEBUG_INFORMATION_FORMAT = dwarf;
				ENABLE_STRICT_OBJC_MSGSEND = YES;
				ENABLE_TESTABILITY = YES;
				GCC_C_LANGUAGE_STANDARD = gnu11;
				GCC_DYNAMIC_NO_PIC = NO;
				GCC_NO_COMMON_BLOCKS = YES;
				GCC_OPTIMIZATION_LEVEL = 0;
				GCC_PREPROCESSOR_DEFINITIONS = (
					"DEBUG=1",
					"$(inherited)",
				);
				GCC_WARN_64_TO_32_BIT_CONVERSION = YES;
				GCC_WARN_ABOUT_RETURN_TYPE = YES_ERROR;
				GCC_WARN_UNDECLARED_SELECTOR = YES;
				GCC_WARN_UNINITIALIZED_AUTOS = YES_AGGRESSIVE;
				GCC_WARN_UNUSED_FUNCTION = YES;
				GCC_WARN_UNUSED_VARIABLE = YES;
				IPHONEOS_DEPLOYMENT_TARGET = 11.4;
				MTL_ENABLE_DEBUG_INFO = YES;
				ONLY_ACTIVE_ARCH = YES;
				SDKROOT = iphoneos;
				SWIFT_ACTIVE_COMPILATION_CONDITIONS = DEBUG;
				SWIFT_OPTIMIZATION_LEVEL = "-Onone";
			};
			name = Debug;
		};
		E312CC30215138220024E412 /* Release */ = {
			isa = XCBuildConfiguration;
			buildSettings = {
				ALWAYS_SEARCH_USER_PATHS = NO;
				CLANG_ANALYZER_NONNULL = YES;
				CLANG_ANALYZER_NUMBER_OBJECT_CONVERSION = YES_AGGRESSIVE;
				CLANG_CXX_LANGUAGE_STANDARD = "gnu++14";
				CLANG_CXX_LIBRARY = "libc++";
				CLANG_ENABLE_MODULES = YES;
				CLANG_ENABLE_OBJC_ARC = YES;
				CLANG_ENABLE_OBJC_WEAK = YES;
				CLANG_WARN_BLOCK_CAPTURE_AUTORELEASING = YES;
				CLANG_WARN_BOOL_CONVERSION = YES;
				CLANG_WARN_COMMA = YES;
				CLANG_WARN_CONSTANT_CONVERSION = YES;
				CLANG_WARN_DEPRECATED_OBJC_IMPLEMENTATIONS = YES;
				CLANG_WARN_DIRECT_OBJC_ISA_USAGE = YES_ERROR;
				CLANG_WARN_DOCUMENTATION_COMMENTS = YES;
				CLANG_WARN_EMPTY_BODY = YES;
				CLANG_WARN_ENUM_CONVERSION = YES;
				CLANG_WARN_INFINITE_RECURSION = YES;
				CLANG_WARN_INT_CONVERSION = YES;
				CLANG_WARN_NON_LITERAL_NULL_CONVERSION = YES;
				CLANG_WARN_OBJC_IMPLICIT_RETAIN_SELF = YES;
				CLANG_WARN_OBJC_LITERAL_CONVERSION = YES;
				CLANG_WARN_OBJC_ROOT_CLASS = YES_ERROR;
				CLANG_WARN_RANGE_LOOP_ANALYSIS = YES;
				CLANG_WARN_STRICT_PROTOTYPES = YES;
				CLANG_WARN_SUSPICIOUS_MOVE = YES;
				CLANG_WARN_UNGUARDED_AVAILABILITY = YES_AGGRESSIVE;
				CLANG_WARN_UNREACHABLE_CODE = YES;
				CLANG_WARN__DUPLICATE_METHOD_MATCH = YES;
				CODE_SIGN_IDENTITY = "iPhone Developer";
				COPY_PHASE_STRIP = NO;
				DEBUG_INFORMATION_FORMAT = "dwarf-with-dsym";
				ENABLE_NS_ASSERTIONS = NO;
				ENABLE_STRICT_OBJC_MSGSEND = YES;
				GCC_C_LANGUAGE_STANDARD = gnu11;
				GCC_NO_COMMON_BLOCKS = YES;
				GCC_WARN_64_TO_32_BIT_CONVERSION = YES;
				GCC_WARN_ABOUT_RETURN_TYPE = YES_ERROR;
				GCC_WARN_UNDECLARED_SELECTOR = YES;
				GCC_WARN_UNINITIALIZED_AUTOS = YES_AGGRESSIVE;
				GCC_WARN_UNUSED_FUNCTION = YES;
				GCC_WARN_UNUSED_VARIABLE = YES;
				IPHONEOS_DEPLOYMENT_TARGET = 11.4;
				MTL_ENABLE_DEBUG_INFO = NO;
				SDKROOT = iphoneos;
				SWIFT_COMPILATION_MODE = wholemodule;
				SWIFT_OPTIMIZATION_LEVEL = "-O";
				VALIDATE_PRODUCT = YES;
			};
			name = Release;
		};
		E312CC32215138220024E412 /* Debug */ = {
			isa = XCBuildConfiguration;
			baseConfigurationReference = 4CC6980AE48901E39CD7E8F5 /* Pods-Smack.debug.xcconfig */;
			buildSettings = {
				ASSETCATALOG_COMPILER_APPICON_NAME = AppIcon;
				CLANG_ENABLE_MODULES = YES;
				CODE_SIGN_STYLE = Automatic;
				DEVELOPMENT_TEAM = D57T659KYT;
				INFOPLIST_FILE = Smack/Info.plist;
				LD_RUNPATH_SEARCH_PATHS = (
					"$(inherited)",
					"@executable_path/Frameworks",
				);
				PRODUCT_BUNDLE_IDENTIFIER = fr.pantaloni.Smack;
				PRODUCT_NAME = "$(TARGET_NAME)";
				SWIFT_OBJC_BRIDGING_HEADER = "Supporting Files/Smack-Bridging-Header.h";
				SWIFT_OPTIMIZATION_LEVEL = "-Onone";
				SWIFT_VERSION = 4.0;
				TARGETED_DEVICE_FAMILY = "1,2";
			};
			name = Debug;
		};
		E312CC33215138220024E412 /* Release */ = {
			isa = XCBuildConfiguration;
			baseConfigurationReference = 49BD05595762377FF1CFC989 /* Pods-Smack.release.xcconfig */;
			buildSettings = {
				ASSETCATALOG_COMPILER_APPICON_NAME = AppIcon;
				CLANG_ENABLE_MODULES = YES;
				CODE_SIGN_STYLE = Automatic;
				DEVELOPMENT_TEAM = D57T659KYT;
				INFOPLIST_FILE = Smack/Info.plist;
				LD_RUNPATH_SEARCH_PATHS = (
					"$(inherited)",
					"@executable_path/Frameworks",
				);
				PRODUCT_BUNDLE_IDENTIFIER = fr.pantaloni.Smack;
				PRODUCT_NAME = "$(TARGET_NAME)";
				SWIFT_OBJC_BRIDGING_HEADER = "Supporting Files/Smack-Bridging-Header.h";
				SWIFT_VERSION = 4.0;
				TARGETED_DEVICE_FAMILY = "1,2";
			};
			name = Release;
		};
/* End XCBuildConfiguration section */

/* Begin XCConfigurationList section */
		E312CC1A215138200024E412 /* Build configuration list for PBXProject "Smack" */ = {
			isa = XCConfigurationList;
			buildConfigurations = (
				E312CC2F215138220024E412 /* Debug */,
				E312CC30215138220024E412 /* Release */,
			);
			defaultConfigurationIsVisible = 0;
			defaultConfigurationName = Release;
		};
		E312CC31215138220024E412 /* Build configuration list for PBXNativeTarget "Smack" */ = {
			isa = XCConfigurationList;
			buildConfigurations = (
				E312CC32215138220024E412 /* Debug */,
				E312CC33215138220024E412 /* Release */,
			);
			defaultConfigurationIsVisible = 0;
			defaultConfigurationName = Release;
		};
/* End XCConfigurationList section */
	};
	rootObject = E312CC17215138200024E412 /* Project object */;
}
